// !$*UTF8*$!
{
	archiveVersion = 1;
	classes = {
	};
	objectVersion = 46;
	objects = {

/* Begin PBXBuildFile section */
		8035B1871D0CD2E0009B0005 /* AppDelegate.swift in Sources */ = {isa = PBXBuildFile; fileRef = 8035B1861D0CD2E0009B0005 /* AppDelegate.swift */; };
		8035B1891D0CD2E0009B0005 /* ViewController.swift in Sources */ = {isa = PBXBuildFile; fileRef = 8035B1881D0CD2E0009B0005 /* ViewController.swift */; };
		8035B18C1D0CD2E0009B0005 /* Main.storyboard in Resources */ = {isa = PBXBuildFile; fileRef = 8035B18A1D0CD2E0009B0005 /* Main.storyboard */; };
		8035B18E1D0CD2E0009B0005 /* Assets.xcassets in Resources */ = {isa = PBXBuildFile; fileRef = 8035B18D1D0CD2E0009B0005 /* Assets.xcassets */; };
		8035B1911D0CD2E0009B0005 /* LaunchScreen.storyboard in Resources */ = {isa = PBXBuildFile; fileRef = 8035B18F1D0CD2E0009B0005 /* LaunchScreen.storyboard */; };
/* End PBXBuildFile section */

/* Begin PBXFileReference section */
		8035B1831D0CD2E0009B0005 /* Navigating.app */ = {isa = PBXFileReference; explicitFileType = wrapper.application; includeInIndex = 0; path = Navigating.app; sourceTree = BUILT_PRODUCTS_DIR; };
		8035B1861D0CD2E0009B0005 /* AppDelegate.swift */ = {isa = PBXFileReference; lastKnownFileType = sourcecode.swift; path = AppDelegate.swift; sourceTree = "<group>"; };
		8035B1881D0CD2E0009B0005 /* ViewController.swift */ = {isa = PBXFileReference; lastKnownFileType = sourcecode.swift; path = ViewController.swift; sourceTree = "<group>"; };
		8035B18B1D0CD2E0009B0005 /* Base */ = {isa = PBXFileReference; lastKnownFileType = file.storyboard; name = Base; path = Base.lproj/Main.storyboard; sourceTree = "<group>"; };
		8035B18D1D0CD2E0009B0005 /* Assets.xcassets */ = {isa = PBXFileReference; lastKnownFileType = folder.assetcatalog; path = Assets.xcassets; sourceTree = "<group>"; };
		8035B1901D0CD2E0009B0005 /* Base */ = {isa = PBXFileReference; lastKnownFileType = file.storyboard; name = Base; path = Base.lproj/LaunchScreen.storyboard; sourceTree = "<group>"; };
		8035B1921D0CD2E0009B0005 /* Info.plist */ = {isa = PBXFileReference; lastKnownFileType = text.plist.xml; path = Info.plist; sourceTree = "<group>"; };
/* End PBXFileReference section */

/* Begin PBXFrameworksBuildPhase section */
		8035B1801D0CD2E0009B0005 /* Frameworks */ = {
			isa = PBXFrameworksBuildPhase;
			buildActionMask = 2147483647;
			files = (
			);
			runOnlyForDeploymentPostprocessing = 0;
		};
/* End PBXFrameworksBuildPhase section */

/* Begin PBXGroup section */
		8035B17A1D0CD2E0009B0005 = {
			isa = PBXGroup;
			children = (
				8035B1851D0CD2E0009B0005 /* Navigating */,
				8035B1841D0CD2E0009B0005 /* Products */,
			);
			sourceTree = "<group>";
		};
		8035B1841D0CD2E0009B0005 /* Products */ = {
			isa = PBXGroup;
			children = (
				8035B1831D0CD2E0009B0005 /* Navigating.app */,
			);
			name = Products;
			sourceTree = "<group>";
		};
		8035B1851D0CD2E0009B0005 /* Navigating */ = {
			isa = PBXGroup;
			children = (
				8035B1861D0CD2E0009B0005 /* AppDelegate.swift */,
				8035B1881D0CD2E0009B0005 /* ViewController.swift */,
				8035B18A1D0CD2E0009B0005 /* Main.storyboard */,
				8035B18D1D0CD2E0009B0005 /* Assets.xcassets */,
				8035B18F1D0CD2E0009B0005 /* LaunchScreen.storyboard */,
				8035B1921D0CD2E0009B0005 /* Info.plist */,
			);
			path = Navigating;
			sourceTree = "<group>";
		};
/* End PBXGroup section */

/* Begin PBXNativeTarget section */
		8035B1821D0CD2E0009B0005 /* Navigating */ = {
			isa = PBXNativeTarget;
			buildConfigurationList = 8035B1951D0CD2E0009B0005 /* Build configuration list for PBXNativeTarget "Navigating" */;
			buildPhases = (
				8035B17F1D0CD2E0009B0005 /* Sources */,
				8035B1801D0CD2E0009B0005 /* Frameworks */,
				8035B1811D0CD2E0009B0005 /* Resources */,
			);
			buildRules = (
			);
			dependencies = (
			);
			name = Navigating;
			productName = Navigating;
			productReference = 8035B1831D0CD2E0009B0005 /* Navigating.app */;
			productType = "com.apple.product-type.application";
		};
/* End PBXNativeTarget section */

/* Begin PBXProject section */
		8035B17B1D0CD2E0009B0005 /* Project object */ = {
			isa = PBXProject;
			attributes = {
				LastSwiftUpdateCheck = 0730;
				LastUpgradeCheck = 0730;
				ORGANIZATIONNAME = "Daniel Stagnaro";
				TargetAttributes = {
					8035B1821D0CD2E0009B0005 = {
						CreatedOnToolsVersion = 7.3.1;
						DevelopmentTeam = 8VDD8AKFJ8;
					};
				};
			};
			buildConfigurationList = 8035B17E1D0CD2E0009B0005 /* Build configuration list for PBXProject "Navigating" */;
			compatibilityVersion = "Xcode 3.2";
			developmentRegion = English;
			hasScannedForEncodings = 0;
			knownRegions = (
				en,
				Base,
			);
			mainGroup = 8035B17A1D0CD2E0009B0005;
			productRefGroup = 8035B1841D0CD2E0009B0005 /* Products */;
			projectDirPath = "";
			projectRoot = "";
			targets = (
				8035B1821D0CD2E0009B0005 /* Navigating */,
			);
		};
/* End PBXProject section */

/* Begin PBXResourcesBuildPhase section */
		8035B1811D0CD2E0009B0005 /* Resources */ = {
			isa = PBXResourcesBuildPhase;
			buildActionMask = 2147483647;
			files = (
				8035B1911D0CD2E0009B0005 /* LaunchScreen.storyboard in Resources */,
				8035B18E1D0CD2E0009B0005 /* Assets.xcassets in Resources */,
				8035B18C1D0CD2E0009B0005 /* Main.storyboard in Resources */,
			);
			runOnlyForDeploymentPostprocessing = 0;
		};
/* End PBXResourcesBuildPhase section */

/* Begin PBXSourcesBuildPhase section */
		8035B17F1D0CD2E0009B0005 /* Sources */ = {
			isa = PBXSourcesBuildPhase;
			buildActionMask = 2147483647;
			files = (
				8035B1891D0CD2E0009B0005 /* ViewController.swift in Sources */,
				8035B1871D0CD2E0009B0005 /* AppDelegate.swift in Sources */,
			);
			runOnlyForDeploymentPostprocessing = 0;
		};
/* End PBXSourcesBuildPhase section */

/* Begin PBXVariantGroup section */
		8035B18A1D0CD2E0009B0005 /* Main.storyboard */ = {
			isa = PBXVariantGroup;
			children = (
				8035B18B1D0CD2E0009B0005 /* Base */,
			);
			name = Main.storyboard;
			sourceTree = "<group>";
		};
		8035B18F1D0CD2E0009B0005 /* LaunchScreen.storyboard */ = {
			isa = PBXVariantGroup;
			children = (
				8035B1901D0CD2E0009B0005 /* Base */,
			);
			name = LaunchScreen.storyboard;
			sourceTree = "<group>";
		};
/* End PBXVariantGroup section */

/* Begin XCBuildConfiguration section */
		8035B1931D0CD2E0009B0005 /* Debug */ = {
			isa = XCBuildConfiguration;
			buildSettings = {
				ALWAYS_SEARCH_USER_PATHS = NO;
				CLANG_ANALYZER_NONNULL = YES;
				CLANG_CXX_LANGUAGE_STANDARD = "gnu++0x";
				CLANG_CXX_LIBRARY = "libc++";
				CLANG_ENABLE_MODULES = YES;
				CLANG_ENABLE_OBJC_ARC = YES;
				CLANG_WARN_BOOL_CONVERSION = YES;
				CLANG_WARN_CONSTANT_CONVERSION = YES;
				CLANG_WARN_DIRECT_OBJC_ISA_USAGE = YES_ERROR;
				CLANG_WARN_EMPTY_BODY = YES;
				CLANG_WARN_ENUM_CONVERSION = YES;
				CLANG_WARN_INT_CONVERSION = YES;
				CLANG_WARN_OBJC_ROOT_CLASS = YES_ERROR;
				CLANG_WARN_UNREACHABLE_CODE = YES;
				CLANG_WARN__DUPLICATE_METHOD_MATCH = YES;
				"CODE_SIGN_IDENTITY[sdk=iphoneos*]" = "iPhone Developer";
				COPY_PHASE_STRIP = NO;
				DEBUG_INFORMATION_FORMAT = dwarf;
				ENABLE_STRICT_OBJC_MSGSEND = YES;
				ENABLE_TESTABILITY = YES;
				GCC_C_LANGUAGE_STANDARD = gnu99;
				GCC_DYNAMIC_NO_PIC = NO;
				GCC_NO_COMMON_BLOCKS = YES;
				GCC_OPTIMIZATION_LEVEL = 0;
				GCC_PREPROCESSOR_DEFINITIONS = (
					"DEBUG=1",
					"$(inherited)",
				);
				GCC_WARN_64_TO_32_BIT_CONVERSION = YES;
				GCC_WARN_ABOUT_RETURN_TYPE = YES_ERROR;
				GCC_WARN_UNDECLARED_SELECTOR = YES;
				GCC_WARN_UNINITIALIZED_AUTOS = YES_AGGRESSIVE;
				GCC_WARN_UNUSED_FUNCTION = YES;
				GCC_WARN_UNUSED_VARIABLE = YES;
				IPHONEOS_DEPLOYMENT_TARGET = 9.3;
				MTL_ENABLE_DEBUG_INFO = YES;
				ONLY_ACTIVE_ARCH = YES;
				SDKROOT = iphoneos;
				SWIFT_OPTIMIZATION_LEVEL = "-Onone";
			};
			name = Debug;
		};
		8035B1941D0CD2E0009B0005 /* Release */ = {
			isa = XCBuildConfiguration;
			buildSettings = {
				ALWAYS_SEARCH_USER_PATHS = NO;
				CLANG_ANALYZER_NONNULL = YES;
				CLANG_CXX_LANGUAGE_STANDARD = "gnu++0x";
				CLANG_CXX_LIBRARY = "libc++";
				CLANG_ENABLE_MODULES = YES;
				CLANG_ENABLE_OBJC_ARC = YES;
				CLANG_WARN_BOOL_CONVERSION = YES;
				CLANG_WARN_CONSTANT_CONVERSION = YES;
				CLANG_WARN_DIRECT_OBJC_ISA_USAGE = YES_ERROR;
				CLANG_WARN_EMPTY_BODY = YES;
				CLANG_WARN_ENUM_CONVERSION = YES;
				CLANG_WARN_INT_CONVERSION = YES;
				CLANG_WARN_OBJC_ROOT_CLASS = YES_ERROR;
				CLANG_WARN_UNREACHABLE_CODE = YES;
				CLANG_WARN__DUPLICATE_METHOD_MATCH = YES;
				"CODE_SIGN_IDENTITY[sdk=iphoneos*]" = "iPhone Developer";
				COPY_PHASE_STRIP = NO;
				DEBUG_INFORMATION_FORMAT = "dwarf-with-dsym";
				ENABLE_NS_ASSERTIONS = NO;
				ENABLE_STRICT_OBJC_MSGSEND = YES;
				GCC_C_LANGUAGE_STANDARD = gnu99;
				GCC_NO_COMMON_BLOCKS = YES;
				GCC_WARN_64_TO_32_BIT_CONVERSION = YES;
				GCC_WARN_ABOUT_RETURN_TYPE = YES_ERROR;
				GCC_WARN_UNDECLARED_SELECTOR = YES;
				GCC_WARN_UNINITIALIZED_AUTOS = YES_AGGRESSIVE;
				GCC_WARN_UNUSED_FUNCTION = YES;
				GCC_WARN_UNUSED_VARIABLE = YES;
				IPHONEOS_DEPLOYMENT_TARGET = 9.3;
				MTL_ENABLE_DEBUG_INFO = NO;
				SDKROOT = iphoneos;
				VALIDATE_PRODUCT = YES;
			};
			name = Release;
		};
		8035B1961D0CD2E0009B0005 /* Debug */ = {
			isa = XCBuildConfiguration;
			buildSettings = {
				ASSETCATALOG_COMPILER_APPICON_NAME = AppIcon;
				INFOPLIST_FILE = Navigating/Info.plist;
				LD_RUNPATH_SEARCH_PATHS = "$(inherited) @executable_path/Frameworks";
				PRODUCT_BUNDLE_IDENTIFIER = com.DanielStagnaro.Navigating;
				PRODUCT_NAME = "$(TARGET_NAME)";
			};
			name = Debug;
		};
		8035B1971D0CD2E0009B0005 /* Release */ = {
			isa = XCBuildConfiguration;
			buildSettings = {
				ASSETCATALOG_COMPILER_APPICON_NAME = AppIcon;
				INFOPLIST_FILE = Navigating/Info.plist;
				LD_RUNPATH_SEARCH_PATHS = "$(inherited) @executable_path/Frameworks";
				PRODUCT_BUNDLE_IDENTIFIER = com.DanielStagnaro.Navigating;
				PRODUCT_NAME = "$(TARGET_NAME)";
			};
			name = Release;
		};
/* End XCBuildConfiguration section */

/* Begin XCConfigurationList section */
		8035B17E1D0CD2E0009B0005 /* Build configuration list for PBXProject "Navigating" */ = {
			isa = XCConfigurationList;
			buildConfigurations = (
				8035B1931D0CD2E0009B0005 /* Debug */,
				8035B1941D0CD2E0009B0005 /* Release */,
			);
			defaultConfigurationIsVisible = 0;
			defaultConfigurationName = Release;
		};
		8035B1951D0CD2E0009B0005 /* Build configuration list for PBXNativeTarget "Navigating" */ = {
			isa = XCConfigurationList;
			buildConfigurations = (
				8035B1961D0CD2E0009B0005 /* Debug */,
				8035B1971D0CD2E0009B0005 /* Release */,
			);
			defaultConfigurationIsVisible = 0;
		};
/* End XCConfigurationList section */
	};
	rootObject = 8035B17B1D0CD2E0009B0005 /* Project object */;
}
